
Microsoft Visual Studio Solution File, Format Version 12.00
# Visual Studio Version 16
VisualStudioVersion = 16.0.31424.327
MinimumVisualStudioVersion = 10.0.40219.1
Project("{FAE04EC0-301F-11D3-BF4B-00C04F79EFBC}") = "project", "project\project.csproj", "{8A6FEE21-A103-4DB2-A190-8E3024AE45A7}"
EndProject
Global
	GlobalSection(SolutionConfigurationPlatforms) = preSolution
		Debug|Any CPU = Debug|Any CPU
		Release|Any CPU = Release|Any CPU
	EndGlobalSection
	GlobalSection(ProjectConfigurationPlatforms) = postSolution
		{8A6FEE21-A103-4DB2-A190-8E3024AE45A7}.Debug|Any CPU.ActiveCfg = Debug|Any CPU
		{8A6FEE21-A103-4DB2-A190-8E3024AE45A7}.Debug|Any CPU.Build.0 = Debug|Any CPU
		{8A6FEE21-A103-4DB2-A190-8E3024AE45A7}.Release|Any CPU.ActiveCfg = Release|Any CPU
		{8A6FEE21-A103-4DB2-A190-8E3024AE45A7}.Release|Any CPU.Build.0 = Release|Any CPU
	EndGlobalSection
	GlobalSection(SolutionProperties) = preSolution
		HideSolutionNode = FALSE
	EndGlobalSection
	GlobalSection(ExtensibilityGlobals) = postSolution
		SolutionGuid = {7F3B15B4-AFF2-4AD7-B466-612CA4FE2D97}
	EndGlobalSection
EndGlobal
